<?xml version="1.0" encoding="utf-8"?>
<Project ToolsVersion="4.0" xmlns="http://schemas.microsoft.com/developer/msbuild/2003">
  <ItemGroup>
    <Filter Include="src">
      <UniqueIdentifier>{4dbf8952-9bf9-4e29-8260-7bd0f65a1f4c}</UniqueIdentifier>
    </Filter>
    <Filter Include="src\core">
      <UniqueIdentifier>{cd44de1c-9234-4eae-9d01-0a6177226ded}</UniqueIdentifier>
    </Filter>
    <Filter Include="src\common">
      <UniqueIdentifier>{5907f242-5ffa-4319-9a32-a02989513d2b}</UniqueIdentifier>
    </Filter>
    <Filter Include="src\shared">
      <UniqueIdentifier>{58254f31-9b35-49ba-aa3b-91435b3d730d}</UniqueIdentifier>
    </Filter>
    <Filter Include="src\utils">
      <UniqueIdentifier>{49a34999-6896-4552-a40a-97dae71b4211}</UniqueIdentifier>
    </Filter>
    <Filter Include="src\vendor">
      <UniqueIdentifier>{ba4445df-3cbd-43f0-a212-76b5ceca485e}</UniqueIdentifier>
    </Filter>
    <Filter Include="src\vendor\hde">
      <UniqueIdentifier>{36aef56f-a8ba-4566-9340-1de31e848265}</UniqueIdentifier>
    </Filter>
    <Filter Include="src\vendor\hde\public">
      <UniqueIdentifier>{1e091617-1a89-4dda-b7bc-2b074fce4ed6}</UniqueIdentifier>
    </Filter>
    <Filter Include="src\vendor\hde\src">
      <UniqueIdentifier>{f5b16630-5182-40ac-bb40-577585569867}</UniqueIdentifier>
    </Filter>
    <Filter Include="resources">
      <UniqueIdentifier>{3d4b57ca-3821-4b62-bbac-f67d191a384a}</UniqueIdentifier>
    </Filter>
  </ItemGroup>
  <ItemGroup>
    <ClCompile Include="..\src\core\main.cpp">
      <Filter>src\core</Filter>
    </ClCompile>
    <ClCompile Include="..\src\core\global.cpp">
      <Filter>src\core</Filter>
    </ClCompile>
    <ClCompile Include="..\src\common\simon.cpp">
      <Filter>src\common</Filter>
    </ClCompile>
    <ClCompile Include="..\src\utils\nprintf.cpp">
      <Filter>src\utils</Filter>
    </ClCompile>
    <ClCompile Include="..\src\common\concmds.cpp">
      <Filter>src\common</Filter>
    </ClCompile>
    <ClCompile Include="..\src\utils\ent_utils.cpp">
      <Filter>src\utils</Filter>
    </ClCompile>
    <ClCompile Include="..\src\core\hooks.cpp">
      <Filter>src\core</Filter>
    </ClCompile>
    <ClCompile Include="..\src\utils\rendering.cpp">
      <Filter>src\utils</Filter>
    </ClCompile>
    <ClCompile Include="..\src\utils\app_utils.cpp">
      <Filter>src\utils</Filter>
    </ClCompile>
    <ClCompile Include="..\src\common\precache.cpp">
      <Filter>src\common</Filter>
    </ClCompile>
    <ClCompile Include="..\src\utils\mem_utils.cpp">
      <Filter>src\utils</Filter>
    </ClCompile>
    <ClCompile Include="..\src\common\rawinput.cpp">
      <Filter>src\common</Filter>
    </ClCompile>
    <ClCompile Include="..\src\utils\mdl_utils.cpp">
      <Filter>src\utils</Filter>
    </ClCompile>
    <ClCompile Include="..\vendor\hde\src\hde64.c">
      <Filter>src\vendor\hde\src</Filter>
    </ClCompile>
    <ClCompile Include="..\vendor\hde\src\hde_utils.c">
      <Filter>src\vendor\hde\src</Filter>
    </ClCompile>
    <ClCompile Include="..\vendor\hde\src\hde32.c">
      <Filter>src\vendor\hde\src</Filter>
    </ClCompile>
    <ClCompile Include="..\src\utils\file_utils.cpp">
      <Filter>src\utils</Filter>
    </ClCompile>
    <ClCompile Include="..\src\utils\console_utils.cpp">
      <Filter>src\utils</Filter>
    </ClCompile>
  </ItemGroup>
  <ItemGroup>
    <ClInclude Include="..\src\shared\build_number.h">
      <Filter>src\shared</Filter>
    </ClInclude>
    <ClInclude Include="..\src\core\global.hpp">
      <Filter>src\core</Filter>
    </ClInclude>
    <ClInclude Include="..\src\core\config.hpp">
      <Filter>src\core</Filter>
    </ClInclude>
    <ClInclude Include="..\src\common\simon.h">
      <Filter>src\common</Filter>
    </ClInclude>
    <ClInclude Include="..\src\utils\nprintf.hpp">
      <Filter>src\utils</Filter>
    </ClInclude>
    <ClInclude Include="..\src\common\concmds.hpp">
      <Filter>src\common</Filter>
    </ClInclude>
    <ClInclude Include="..\src\utils\ent_utils.hpp">
      <Filter>src\utils</Filter>
    </ClInclude>
    <ClInclude Include="..\src\core\hooks.hpp">
      <Filter>src\core</Filter>
    </ClInclude>
    <ClInclude Include="..\src\utils\rendering.hpp">
      <Filter>src\utils</Filter>
    </ClInclude>
    <ClInclude Include="..\src\utils\app_utils.hpp">
      <Filter>src\utils</Filter>
    </ClInclude>
    <ClInclude Include="..\src\common\precache.hpp">
      <Filter>src\common</Filter>
    </ClInclude>
    <ClInclude Include="..\src\utils\mem_utils.hpp">
      <Filter>src\utils</Filter>
    </ClInclude>
    <ClInclude Include="..\src\common\rawinput.hpp">
      <Filter>src\common</Filter>
    </ClInclude>
    <ClInclude Include="..\src\utils\mdl_utils.hpp">
      <Filter>src\utils</Filter>
    </ClInclude>
    <ClInclude Include="..\vendor\hde\public\hde32.h">
      <Filter>src\vendor\hde\public</Filter>
    </ClInclude>
    <ClInclude Include="..\vendor\hde\public\hde64.h">
      <Filter>src\vendor\hde\public</Filter>
    </ClInclude>
    <ClInclude Include="..\vendor\hde\public\table32.h">
      <Filter>src\vendor\hde\public</Filter>
    </ClInclude>
    <ClInclude Include="..\vendor\hde\public\table64.h">
      <Filter>src\vendor\hde\public</Filter>
    </ClInclude>
    <ClInclude Include="..\vendor\hde\public\hde_common.h">
      <Filter>src\vendor\hde\public</Filter>
    </ClInclude>
    <ClInclude Include="..\vendor\hde\public\hde_utils.h">
      <Filter>src\vendor\hde\public</Filter>
    </ClInclude>
    <ClInclude Include="..\src\utils\file_utils.hpp">
      <Filter>src\utils</Filter>
    </ClInclude>
    <ClInclude Include="..\resources\resource.h">
      <Filter>resources</Filter>
    </ClInclude>
    <ClInclude Include="..\src\utils\console_utils.hpp">
      <Filter>src\utils</Filter>
    </ClInclude>
  </ItemGroup>
  <ItemGroup>
    <ResourceCompile Include="..\resources\MadSimonX.rc">
      <Filter>resources</Filter>
    </ResourceCompile>
  </ItemGroup>
</Project>